// !$*UTF8*$!
{
	archiveVersion = 1;
	classes = {
	};
	objectVersion = 46;
	objects = {

/* Begin PBXBuildFile section */
		889A1A581E6F9D1A0069FE55 /* main.m in Sources */ = {isa = PBXBuildFile; fileRef = 889A1A571E6F9D1A0069FE55 /* main.m */; };
		889A1A5B1E6F9D1A0069FE55 /* AppDelegate.m in Sources */ = {isa = PBXBuildFile; fileRef = 889A1A5A1E6F9D1A0069FE55 /* AppDelegate.m */; };
		889A1A611E6F9D1A0069FE55 /* Main.storyboard in Resources */ = {isa = PBXBuildFile; fileRef = 889A1A5F1E6F9D1A0069FE55 /* Main.storyboard */; };
		889A1A631E6F9D1A0069FE55 /* Assets.xcassets in Resources */ = {isa = PBXBuildFile; fileRef = 889A1A621E6F9D1A0069FE55 /* Assets.xcassets */; };
		889A1A661E6F9D1A0069FE55 /* LaunchScreen.storyboard in Resources */ = {isa = PBXBuildFile; fileRef = 889A1A641E6F9D1A0069FE55 /* LaunchScreen.storyboard */; };
		889A1A721E6F9E010069FE55 /* LeftSlideViewController.m in Sources */ = {isa = PBXBuildFile; fileRef = 889A1A6F1E6F9E010069FE55 /* LeftSlideViewController.m */; };
		889A1A731E6F9E010069FE55 /* UIView_extra.m in Sources */ = {isa = PBXBuildFile; fileRef = 889A1A711E6F9E010069FE55 /* UIView_extra.m */; };
		889A1A871E6FA52E0069FE55 /* BaseNavController.m in Sources */ = {isa = PBXBuildFile; fileRef = 889A1A841E6FA52E0069FE55 /* BaseNavController.m */; };
		889A1A881E6FA52E0069FE55 /* BaseTabBarController.m in Sources */ = {isa = PBXBuildFile; fileRef = 889A1A861E6FA52E0069FE55 /* BaseTabBarController.m */; };
		889A1A8B1E6FA5830069FE55 /* View111Controller.m in Sources */ = {isa = PBXBuildFile; fileRef = 889A1A8A1E6FA5830069FE55 /* View111Controller.m */; };
		889A1A8E1E6FA58A0069FE55 /* View222Controller.m in Sources */ = {isa = PBXBuildFile; fileRef = 889A1A8D1E6FA58A0069FE55 /* View222Controller.m */; };
		889A1A911E6FA5910069FE55 /* View333Controller.m in Sources */ = {isa = PBXBuildFile; fileRef = 889A1A901E6FA5910069FE55 /* View333Controller.m */; };
		889A1A941E6FA6200069FE55 /* LeftViewController.m in Sources */ = {isa = PBXBuildFile; fileRef = 889A1A931E6FA6200069FE55 /* LeftViewController.m */; };
		889A1AAE1E6FA7D10069FE55 /* icon_tabbar_merchant_normal@2x.png in Resources */ = {isa = PBXBuildFile; fileRef = 889A1AA61E6FA7D10069FE55 /* icon_tabbar_merchant_normal@2x.png */; };
		889A1AAF1E6FA7D10069FE55 /* icon_tabbar_merchant_selected@2x.png in Resources */ = {isa = PBXBuildFile; fileRef = 889A1AA71E6FA7D10069FE55 /* icon_tabbar_merchant_selected@2x.png */; };
		889A1AB01E6FA7D10069FE55 /* icon_tabbar_mine_selected@2x.png in Resources */ = {isa = PBXBuildFile; fileRef = 889A1AA81E6FA7D10069FE55 /* icon_tabbar_mine_selected@2x.png */; };
		889A1AB11E6FA7D10069FE55 /* icon_tabbar_mine@2x.png in Resources */ = {isa = PBXBuildFile; fileRef = 889A1AA91E6FA7D10069FE55 /* icon_tabbar_mine@2x.png */; };
		889A1AB21E6FA7D10069FE55 /* icon_tabbar_nearby_normal@2x.png in Resources */ = {isa = PBXBuildFile; fileRef = 889A1AAA1E6FA7D10069FE55 /* icon_tabbar_nearby_normal@2x.png */; };
		889A1AB31E6FA7D10069FE55 /* icon_tabbar_nearby_selected@2x.png in Resources */ = {isa = PBXBuildFile; fileRef = 889A1AAB1E6FA7D10069FE55 /* icon_tabbar_nearby_selected@2x.png */; };
		889A1AB61E6FAB6E0069FE55 /* icon_tabbar_homepage_selected@2x.png in Resources */ = {isa = PBXBuildFile; fileRef = 889A1AB41E6FAB6E0069FE55 /* icon_tabbar_homepage_selected@2x.png */; };
		889A1AB71E6FAB6E0069FE55 /* icon_tabbar_homepage@2x.png in Resources */ = {isa = PBXBuildFile; fileRef = 889A1AB51E6FAB6E0069FE55 /* icon_tabbar_homepage@2x.png */; };
		889A1AB91E6FAC8F0069FE55 /* leftbackiamge.png in Resources */ = {isa = PBXBuildFile; fileRef = 889A1AB81E6FAC8F0069FE55 /* leftbackiamge.png */; };
		889A1ABC1E6FAE1C0069FE55 /* OtherController.m in Sources */ = {isa = PBXBuildFile; fileRef = 889A1ABB1E6FAE1C0069FE55 /* OtherController.m */; };
		889A1ABF1E7001360069FE55 /* HaHaViewController.m in Sources */ = {isa = PBXBuildFile; fileRef = 889A1ABE1E7001360069FE55 /* HaHaViewController.m */; };
/* End PBXBuildFile section */

/* Begin PBXFileReference section */
		889A1A531E6F9D1A0069FE55 /* LeftSlide.app */ = {isa = PBXFileReference; explicitFileType = wrapper.application; includeInIndex = 0; path = LeftSlide.app; sourceTree = BUILT_PRODUCTS_DIR; };
		889A1A571E6F9D1A0069FE55 /* main.m */ = {isa = PBXFileReference; lastKnownFileType = sourcecode.c.objc; path = main.m; sourceTree = "<group>"; };
		889A1A591E6F9D1A0069FE55 /* AppDelegate.h */ = {isa = PBXFileReference; lastKnownFileType = sourcecode.c.h; path = AppDelegate.h; sourceTree = "<group>"; };
		889A1A5A1E6F9D1A0069FE55 /* AppDelegate.m */ = {isa = PBXFileReference; lastKnownFileType = sourcecode.c.objc; path = AppDelegate.m; sourceTree = "<group>"; };
		889A1A601E6F9D1A0069FE55 /* Base */ = {isa = PBXFileReference; lastKnownFileType = file.storyboard; name = Base; path = Base.lproj/Main.storyboard; sourceTree = "<group>"; };
		889A1A621E6F9D1A0069FE55 /* Assets.xcassets */ = {isa = PBXFileReference; lastKnownFileType = folder.assetcatalog; path = Assets.xcassets; sourceTree = "<group>"; };
		889A1A651E6F9D1A0069FE55 /* Base */ = {isa = PBXFileReference; lastKnownFileType = file.storyboard; name = Base; path = Base.lproj/LaunchScreen.storyboard; sourceTree = "<group>"; };
		889A1A671E6F9D1A0069FE55 /* Info.plist */ = {isa = PBXFileReference; lastKnownFileType = text.plist.xml; path = Info.plist; sourceTree = "<group>"; };
		889A1A6E1E6F9E010069FE55 /* LeftSlideViewController.h */ = {isa = PBXFileReference; fileEncoding = 4; lastKnownFileType = sourcecode.c.h; path = LeftSlideViewController.h; sourceTree = "<group>"; };
		889A1A6F1E6F9E010069FE55 /* LeftSlideViewController.m */ = {isa = PBXFileReference; fileEncoding = 4; lastKnownFileType = sourcecode.c.objc; path = LeftSlideViewController.m; sourceTree = "<group>"; };
		889A1A701E6F9E010069FE55 /* UIView_extra.h */ = {isa = PBXFileReference; fileEncoding = 4; lastKnownFileType = sourcecode.c.h; path = UIView_extra.h; sourceTree = "<group>"; };
		889A1A711E6F9E010069FE55 /* UIView_extra.m */ = {isa = PBXFileReference; fileEncoding = 4; lastKnownFileType = sourcecode.c.objc; path = UIView_extra.m; sourceTree = "<group>"; };
		889A1A831E6FA52E0069FE55 /* BaseNavController.h */ = {isa = PBXFileReference; fileEncoding = 4; lastKnownFileType = sourcecode.c.h; path = BaseNavController.h; sourceTree = "<group>"; };
		889A1A841E6FA52E0069FE55 /* BaseNavController.m */ = {isa = PBXFileReference; fileEncoding = 4; lastKnownFileType = sourcecode.c.objc; path = BaseNavController.m; sourceTree = "<group>"; };
		889A1A851E6FA52E0069FE55 /* BaseTabBarController.h */ = {isa = PBXFileReference; fileEncoding = 4; lastKnownFileType = sourcecode.c.h; path = BaseTabBarController.h; sourceTree = "<group>"; };
		889A1A861E6FA52E0069FE55 /* BaseTabBarController.m */ = {isa = PBXFileReference; fileEncoding = 4; lastKnownFileType = sourcecode.c.objc; path = BaseTabBarController.m; sourceTree = "<group>"; };
		889A1A891E6FA5830069FE55 /* View111Controller.h */ = {isa = PBXFileReference; fileEncoding = 4; lastKnownFileType = sourcecode.c.h; path = View111Controller.h; sourceTree = "<group>"; };
		889A1A8A1E6FA5830069FE55 /* View111Controller.m */ = {isa = PBXFileReference; fileEncoding = 4; lastKnownFileType = sourcecode.c.objc; path = View111Controller.m; sourceTree = "<group>"; };
		889A1A8C1E6FA58A0069FE55 /* View222Controller.h */ = {isa = PBXFileReference; fileEncoding = 4; lastKnownFileType = sourcecode.c.h; path = View222Controller.h; sourceTree = "<group>"; };
		889A1A8D1E6FA58A0069FE55 /* View222Controller.m */ = {isa = PBXFileReference; fileEncoding = 4; lastKnownFileType = sourcecode.c.objc; path = View222Controller.m; sourceTree = "<group>"; };
		889A1A8F1E6FA5910069FE55 /* View333Controller.h */ = {isa = PBXFileReference; fileEncoding = 4; lastKnownFileType = sourcecode.c.h; path = View333Controller.h; sourceTree = "<group>"; };
		889A1A901E6FA5910069FE55 /* View333Controller.m */ = {isa = PBXFileReference; fileEncoding = 4; lastKnownFileType = sourcecode.c.objc; path = View333Controller.m; sourceTree = "<group>"; };
		889A1A921E6FA6200069FE55 /* LeftViewController.h */ = {isa = PBXFileReference; fileEncoding = 4; lastKnownFileType = sourcecode.c.h; path = LeftViewController.h; sourceTree = "<group>"; };
		889A1A931E6FA6200069FE55 /* LeftViewController.m */ = {isa = PBXFileReference; fileEncoding = 4; lastKnownFileType = sourcecode.c.objc; path = LeftViewController.m; sourceTree = "<group>"; };
		889A1AA61E6FA7D10069FE55 /* icon_tabbar_merchant_normal@2x.png */ = {isa = PBXFileReference; lastKnownFileType = image.png; path = "icon_tabbar_merchant_normal@2x.png"; sourceTree = "<group>"; };
		889A1AA71E6FA7D10069FE55 /* icon_tabbar_merchant_selected@2x.png */ = {isa = PBXFileReference; lastKnownFileType = image.png; path = "icon_tabbar_merchant_selected@2x.png"; sourceTree = "<group>"; };
		889A1AA81E6FA7D10069FE55 /* icon_tabbar_mine_selected@2x.png */ = {isa = PBXFileReference; lastKnownFileType = image.png; path = "icon_tabbar_mine_selected@2x.png"; sourceTree = "<group>"; };
		889A1AA91E6FA7D10069FE55 /* icon_tabbar_mine@2x.png */ = {isa = PBXFileReference; lastKnownFileType = image.png; path = "icon_tabbar_mine@2x.png"; sourceTree = "<group>"; };
		889A1AAA1E6FA7D10069FE55 /* icon_tabbar_nearby_normal@2x.png */ = {isa = PBXFileReference; lastKnownFileType = image.png; path = "icon_tabbar_nearby_normal@2x.png"; sourceTree = "<group>"; };
		889A1AAB1E6FA7D10069FE55 /* icon_tabbar_nearby_selected@2x.png */ = {isa = PBXFileReference; lastKnownFileType = image.png; path = "icon_tabbar_nearby_selected@2x.png"; sourceTree = "<group>"; };
		889A1AB41E6FAB6E0069FE55 /* icon_tabbar_homepage_selected@2x.png */ = {isa = PBXFileReference; lastKnownFileType = image.png; path = "icon_tabbar_homepage_selected@2x.png"; sourceTree = "<group>"; };
		889A1AB51E6FAB6E0069FE55 /* icon_tabbar_homepage@2x.png */ = {isa = PBXFileReference; lastKnownFileType = image.png; path = "icon_tabbar_homepage@2x.png"; sourceTree = "<group>"; };
		889A1AB81E6FAC8F0069FE55 /* leftbackiamge.png */ = {isa = PBXFileReference; lastKnownFileType = image.png; path = leftbackiamge.png; sourceTree = "<group>"; };
		889A1ABA1E6FAE1C0069FE55 /* OtherController.h */ = {isa = PBXFileReference; fileEncoding = 4; lastKnownFileType = sourcecode.c.h; path = OtherController.h; sourceTree = "<group>"; };
		889A1ABB1E6FAE1C0069FE55 /* OtherController.m */ = {isa = PBXFileReference; fileEncoding = 4; lastKnownFileType = sourcecode.c.objc; path = OtherController.m; sourceTree = "<group>"; };
		889A1ABD1E7001360069FE55 /* HaHaViewController.h */ = {isa = PBXFileReference; fileEncoding = 4; lastKnownFileType = sourcecode.c.h; path = HaHaViewController.h; sourceTree = "<group>"; };
		889A1ABE1E7001360069FE55 /* HaHaViewController.m */ = {isa = PBXFileReference; fileEncoding = 4; lastKnownFileType = sourcecode.c.objc; path = HaHaViewController.m; sourceTree = "<group>"; };
/* End PBXFileReference section */

/* Begin PBXFrameworksBuildPhase section */
		889A1A501E6F9D1A0069FE55 /* Frameworks */ = {
			isa = PBXFrameworksBuildPhase;
			buildActionMask = 2147483647;
			files = (
			);
			runOnlyForDeploymentPostprocessing = 0;
		};
/* End PBXFrameworksBuildPhase section */

/* Begin PBXGroup section */
		889A1A4A1E6F9D1A0069FE55 = {
			isa = PBXGroup;
			children = (
				889A1A551E6F9D1A0069FE55 /* LeftSlide */,
				889A1A541E6F9D1A0069FE55 /* Products */,
			);
			sourceTree = "<group>";
		};
		889A1A541E6F9D1A0069FE55 /* Products */ = {
			isa = PBXGroup;
			children = (
				889A1A531E6F9D1A0069FE55 /* LeftSlide.app */,
			);
			name = Products;
			sourceTree = "<group>";
		};
		889A1A551E6F9D1A0069FE55 /* LeftSlide */ = {
			isa = PBXGroup;
			children = (
				889A1A6D1E6F9E010069FE55 /* LeftSlideViewController */,
				889A1A591E6F9D1A0069FE55 /* AppDelegate.h */,
				889A1A5A1E6F9D1A0069FE55 /* AppDelegate.m */,
				889A1A741E6FA50E0069FE55 /* Base */,
				889A1A891E6FA5830069FE55 /* View111Controller.h */,
				889A1A8A1E6FA5830069FE55 /* View111Controller.m */,
				889A1A8C1E6FA58A0069FE55 /* View222Controller.h */,
				889A1A8D1E6FA58A0069FE55 /* View222Controller.m */,
				889A1A8F1E6FA5910069FE55 /* View333Controller.h */,
				889A1A901E6FA5910069FE55 /* View333Controller.m */,
				889A1A921E6FA6200069FE55 /* LeftViewController.h */,
				889A1A931E6FA6200069FE55 /* LeftViewController.m */,
				889A1ABA1E6FAE1C0069FE55 /* OtherController.h */,
				889A1ABB1E6FAE1C0069FE55 /* OtherController.m */,
				889A1ABD1E7001360069FE55 /* HaHaViewController.h */,
				889A1ABE1E7001360069FE55 /* HaHaViewController.m */,
				889A1A951E6FA66C0069FE55 /* 图片 */,
				889A1A5F1E6F9D1A0069FE55 /* Main.storyboard */,
				889A1A621E6F9D1A0069FE55 /* Assets.xcassets */,
				889A1A641E6F9D1A0069FE55 /* LaunchScreen.storyboard */,
				889A1A671E6F9D1A0069FE55 /* Info.plist */,
				889A1A561E6F9D1A0069FE55 /* Supporting Files */,
			);
			path = LeftSlide;
			sourceTree = "<group>";
		};
		889A1A561E6F9D1A0069FE55 /* Supporting Files */ = {
			isa = PBXGroup;
			children = (
				889A1A571E6F9D1A0069FE55 /* main.m */,
			);
			name = "Supporting Files";
			sourceTree = "<group>";
		};
		889A1A6D1E6F9E010069FE55 /* LeftSlideViewController */ = {
			isa = PBXGroup;
			children = (
				889A1A6E1E6F9E010069FE55 /* LeftSlideViewController.h */,
				889A1A6F1E6F9E010069FE55 /* LeftSlideViewController.m */,
				889A1A701E6F9E010069FE55 /* UIView_extra.h */,
				889A1A711E6F9E010069FE55 /* UIView_extra.m */,
			);
			path = LeftSlideViewController;
			sourceTree = "<group>";
		};
		889A1A741E6FA50E0069FE55 /* Base */ = {
			isa = PBXGroup;
			children = (
				889A1A831E6FA52E0069FE55 /* BaseNavController.h */,
				889A1A841E6FA52E0069FE55 /* BaseNavController.m */,
				889A1A851E6FA52E0069FE55 /* BaseTabBarController.h */,
				889A1A861E6FA52E0069FE55 /* BaseTabBarController.m */,
			);
			path = Base;
			sourceTree = "<group>";
		};
		889A1A951E6FA66C0069FE55 /* 图片 */ = {
			isa = PBXGroup;
			children = (
				889A1AB81E6FAC8F0069FE55 /* leftbackiamge.png */,
				889A1AB41E6FAB6E0069FE55 /* icon_tabbar_homepage_selected@2x.png */,
				889A1AB51E6FAB6E0069FE55 /* icon_tabbar_homepage@2x.png */,
				889A1AA61E6FA7D10069FE55 /* icon_tabbar_merchant_normal@2x.png */,
				889A1AA71E6FA7D10069FE55 /* icon_tabbar_merchant_selected@2x.png */,
				889A1AA81E6FA7D10069FE55 /* icon_tabbar_mine_selected@2x.png */,
				889A1AA91E6FA7D10069FE55 /* icon_tabbar_mine@2x.png */,
				889A1AAA1E6FA7D10069FE55 /* icon_tabbar_nearby_normal@2x.png */,
				889A1AAB1E6FA7D10069FE55 /* icon_tabbar_nearby_selected@2x.png */,
			);
			path = "图片";
			sourceTree = "<group>";
		};
/* End PBXGroup section */

/* Begin PBXNativeTarget section */
		889A1A521E6F9D1A0069FE55 /* LeftSlide */ = {
			isa = PBXNativeTarget;
			buildConfigurationList = 889A1A6A1E6F9D1A0069FE55 /* Build configuration list for PBXNativeTarget "LeftSlide" */;
			buildPhases = (
				889A1A4F1E6F9D1A0069FE55 /* Sources */,
				889A1A501E6F9D1A0069FE55 /* Frameworks */,
				889A1A511E6F9D1A0069FE55 /* Resources */,
			);
			buildRules = (
			);
			dependencies = (
			);
			name = LeftSlide;
			productName = LeftSlide;
			productReference = 889A1A531E6F9D1A0069FE55 /* LeftSlide.app */;
			productType = "com.apple.product-type.application";
		};
/* End PBXNativeTarget section */

/* Begin PBXProject section */
		889A1A4B1E6F9D1A0069FE55 /* Project object */ = {
			isa = PBXProject;
			attributes = {
				LastUpgradeCheck = 0730;
				ORGANIZATIONNAME = zws;
				TargetAttributes = {
					889A1A521E6F9D1A0069FE55 = {
						CreatedOnToolsVersion = 7.3.1;
					};
				};
			};
			buildConfigurationList = 889A1A4E1E6F9D1A0069FE55 /* Build configuration list for PBXProject "LeftSlide" */;
			compatibilityVersion = "Xcode 3.2";
			developmentRegion = English;
			hasScannedForEncodings = 0;
			knownRegions = (
				en,
				Base,
			);
			mainGroup = 889A1A4A1E6F9D1A0069FE55;
			productRefGroup = 889A1A541E6F9D1A0069FE55 /* Products */;
			projectDirPath = "";
			projectRoot = "";
			targets = (
				889A1A521E6F9D1A0069FE55 /* LeftSlide */,
			);
		};
/* End PBXProject section */

/* Begin PBXResourcesBuildPhase section */
		889A1A511E6F9D1A0069FE55 /* Resources */ = {
			isa = PBXResourcesBuildPhase;
			buildActionMask = 2147483647;
			files = (
				889A1AAF1E6FA7D10069FE55 /* icon_tabbar_merchant_selected@2x.png in Resources */,
				889A1A661E6F9D1A0069FE55 /* LaunchScreen.storyboard in Resources */,
				889A1AB71E6FAB6E0069FE55 /* icon_tabbar_homepage@2x.png in Resources */,
				889A1AB11E6FA7D10069FE55 /* icon_tabbar_mine@2x.png in Resources */,
				889A1AAE1E6FA7D10069FE55 /* icon_tabbar_merchant_normal@2x.png in Resources */,
				889A1AB01E6FA7D10069FE55 /* icon_tabbar_mine_selected@2x.png in Resources */,
				889A1AB21E6FA7D10069FE55 /* icon_tabbar_nearby_normal@2x.png in Resources */,
				889A1AB91E6FAC8F0069FE55 /* leftbackiamge.png in Resources */,
				889A1A631E6F9D1A0069FE55 /* Assets.xcassets in Resources */,
				889A1A611E6F9D1A0069FE55 /* Main.storyboard in Resources */,
				889A1AB61E6FAB6E0069FE55 /* icon_tabbar_homepage_selected@2x.png in Resources */,
				889A1AB31E6FA7D10069FE55 /* icon_tabbar_nearby_selected@2x.png in Resources */,
			);
			runOnlyForDeploymentPostprocessing = 0;
		};
/* End PBXResourcesBuildPhase section */

/* Begin PBXSourcesBuildPhase section */
		889A1A4F1E6F9D1A0069FE55 /* Sources */ = {
			isa = PBXSourcesBuildPhase;
			buildActionMask = 2147483647;
			files = (
				889A1A8B1E6FA5830069FE55 /* View111Controller.m in Sources */,
				889A1A941E6FA6200069FE55 /* LeftViewController.m in Sources */,
				889A1A5B1E6F9D1A0069FE55 /* AppDelegate.m in Sources */,
				889A1A731E6F9E010069FE55 /* UIView_extra.m in Sources */,
				889A1A8E1E6FA58A0069FE55 /* View222Controller.m in Sources */,
				889A1A581E6F9D1A0069FE55 /* main.m in Sources */,
				889A1ABC1E6FAE1C0069FE55 /* OtherController.m in Sources */,
				889A1A911E6FA5910069FE55 /* View333Controller.m in Sources */,
				889A1ABF1E7001360069FE55 /* HaHaViewController.m in Sources */,
				889A1A881E6FA52E0069FE55 /* BaseTabBarController.m in Sources */,
				889A1A871E6FA52E0069FE55 /* BaseNavController.m in Sources */,
				889A1A721E6F9E010069FE55 /* LeftSlideViewController.m in Sources */,
			);
			runOnlyForDeploymentPostprocessing = 0;
		};
/* End PBXSourcesBuildPhase section */

/* Begin PBXVariantGroup section */
		889A1A5F1E6F9D1A0069FE55 /* Main.storyboard */ = {
			isa = PBXVariantGroup;
			children = (
				889A1A601E6F9D1A0069FE55 /* Base */,
			);
			name = Main.storyboard;
			sourceTree = "<group>";
		};
		889A1A641E6F9D1A0069FE55 /* LaunchScreen.storyboard */ = {
			isa = PBXVariantGroup;
			children = (
				889A1A651E6F9D1A0069FE55 /* Base */,
			);
			name = LaunchScreen.storyboard;
			sourceTree = "<group>";
		};
/* End PBXVariantGroup section */

/* Begin XCBuildConfiguration section */
		889A1A681E6F9D1A0069FE55 /* Debug */ = {
			isa = XCBuildConfiguration;
			buildSettings = {
				ALWAYS_SEARCH_USER_PATHS = NO;
				CLANG_ANALYZER_NONNULL = YES;
				CLANG_CXX_LANGUAGE_STANDARD = "gnu++0x";
				CLANG_CXX_LIBRARY = "libc++";
				CLANG_ENABLE_MODULES = YES;
				CLANG_ENABLE_OBJC_ARC = YES;
				CLANG_WARN_BOOL_CONVERSION = YES;
				CLANG_WARN_CONSTANT_CONVERSION = YES;
				CLANG_WARN_DIRECT_OBJC_ISA_USAGE = YES_ERROR;
				CLANG_WARN_EMPTY_BODY = YES;
				CLANG_WARN_ENUM_CONVERSION = YES;
				CLANG_WARN_INT_CONVERSION = YES;
				CLANG_WARN_OBJC_ROOT_CLASS = YES_ERROR;
				CLANG_WARN_UNREACHABLE_CODE = YES;
				CLANG_WARN__DUPLICATE_METHOD_MATCH = YES;
				"CODE_SIGN_IDENTITY[sdk=iphoneos*]" = "iPhone Developer";
				COPY_PHASE_STRIP = NO;
				DEBUG_INFORMATION_FORMAT = dwarf;
				ENABLE_STRICT_OBJC_MSGSEND = YES;
				ENABLE_TESTABILITY = YES;
				GCC_C_LANGUAGE_STANDARD = gnu99;
				GCC_DYNAMIC_NO_PIC = NO;
				GCC_NO_COMMON_BLOCKS = YES;
				GCC_OPTIMIZATION_LEVEL = 0;
				GCC_PREPROCESSOR_DEFINITIONS = (
					"DEBUG=1",
					"$(inherited)",
				);
				GCC_WARN_64_TO_32_BIT_CONVERSION = YES;
				GCC_WARN_ABOUT_RETURN_TYPE = YES_ERROR;
				GCC_WARN_UNDECLARED_SELECTOR = YES;
				GCC_WARN_UNINITIALIZED_AUTOS = YES_AGGRESSIVE;
				GCC_WARN_UNUSED_FUNCTION = YES;
				GCC_WARN_UNUSED_VARIABLE = YES;
				IPHONEOS_DEPLOYMENT_TARGET = 9.3;
				MTL_ENABLE_DEBUG_INFO = YES;
				ONLY_ACTIVE_ARCH = YES;
				SDKROOT = iphoneos;
			};
			name = Debug;
		};
		889A1A691E6F9D1A0069FE55 /* Release */ = {
			isa = XCBuildConfiguration;
			buildSettings = {
				ALWAYS_SEARCH_USER_PATHS = NO;
				CLANG_ANALYZER_NONNULL = YES;
				CLANG_CXX_LANGUAGE_STANDARD = "gnu++0x";
				CLANG_CXX_LIBRARY = "libc++";
				CLANG_ENABLE_MODULES = YES;
				CLANG_ENABLE_OBJC_ARC = YES;
				CLANG_WARN_BOOL_CONVERSION = YES;
				CLANG_WARN_CONSTANT_CONVERSION = YES;
				CLANG_WARN_DIRECT_OBJC_ISA_USAGE = YES_ERROR;
				CLANG_WARN_EMPTY_BODY = YES;
				CLANG_WARN_ENUM_CONVERSION = YES;
				CLANG_WARN_INT_CONVERSION = YES;
				CLANG_WARN_OBJC_ROOT_CLASS = YES_ERROR;
				CLANG_WARN_UNREACHABLE_CODE = YES;
				CLANG_WARN__DUPLICATE_METHOD_MATCH = YES;
				"CODE_SIGN_IDENTITY[sdk=iphoneos*]" = "iPhone Developer";
				COPY_PHASE_STRIP = NO;
				DEBUG_INFORMATION_FORMAT = "dwarf-with-dsym";
				ENABLE_NS_ASSERTIONS = NO;
				ENABLE_STRICT_OBJC_MSGSEND = YES;
				GCC_C_LANGUAGE_STANDARD = gnu99;
				GCC_NO_COMMON_BLOCKS = YES;
				GCC_WARN_64_TO_32_BIT_CONVERSION = YES;
				GCC_WARN_ABOUT_RETURN_TYPE = YES_ERROR;
				GCC_WARN_UNDECLARED_SELECTOR = YES;
				GCC_WARN_UNINITIALIZED_AUTOS = YES_AGGRESSIVE;
				GCC_WARN_UNUSED_FUNCTION = YES;
				GCC_WARN_UNUSED_VARIABLE = YES;
				IPHONEOS_DEPLOYMENT_TARGET = 9.3;
				MTL_ENABLE_DEBUG_INFO = NO;
				SDKROOT = iphoneos;
				VALIDATE_PRODUCT = YES;
			};
			name = Release;
		};
		889A1A6B1E6F9D1A0069FE55 /* Debug */ = {
			isa = XCBuildConfiguration;
			buildSettings = {
				ASSETCATALOG_COMPILER_APPICON_NAME = AppIcon;
				INFOPLIST_FILE = LeftSlide/Info.plist;
				IPHONEOS_DEPLOYMENT_TARGET = 8.0;
				LD_RUNPATH_SEARCH_PATHS = "$(inherited) @executable_path/Frameworks";
				PRODUCT_BUNDLE_IDENTIFIER = com.sinfotek.LeftSlide;
				PRODUCT_NAME = "$(TARGET_NAME)";
			};
			name = Debug;
		};
		889A1A6C1E6F9D1A0069FE55 /* Release */ = {
			isa = XCBuildConfiguration;
			buildSettings = {
				ASSETCATALOG_COMPILER_APPICON_NAME = AppIcon;
				INFOPLIST_FILE = LeftSlide/Info.plist;
				IPHONEOS_DEPLOYMENT_TARGET = 8.0;
				LD_RUNPATH_SEARCH_PATHS = "$(inherited) @executable_path/Frameworks";
				PRODUCT_BUNDLE_IDENTIFIER = com.sinfotek.LeftSlide;
				PRODUCT_NAME = "$(TARGET_NAME)";
			};
			name = Release;
		};
/* End XCBuildConfiguration section */

/* Begin XCConfigurationList section */
		889A1A4E1E6F9D1A0069FE55 /* Build configuration list for PBXProject "LeftSlide" */ = {
			isa = XCConfigurationList;
			buildConfigurations = (
				889A1A681E6F9D1A0069FE55 /* Debug */,
				889A1A691E6F9D1A0069FE55 /* Release */,
			);
			defaultConfigurationIsVisible = 0;
			defaultConfigurationName = Release;
		};
		889A1A6A1E6F9D1A0069FE55 /* Build configuration list for PBXNativeTarget "LeftSlide" */ = {
			isa = XCConfigurationList;
			buildConfigurations = (
				889A1A6B1E6F9D1A0069FE55 /* Debug */,
				889A1A6C1E6F9D1A0069FE55 /* Release */,
			);
			defaultConfigurationIsVisible = 0;
			defaultConfigurationName = Release;
		};
/* End XCConfigurationList section */
	};
	rootObject = 889A1A4B1E6F9D1A0069FE55 /* Project object */;
}
