// !$*UTF8*$!
{
	archiveVersion = 1;
	classes = {
	};
	objectVersion = 46;
	objects = {

/* Begin PBXBuildFile section */
		881775E61EC313E300AD6C71 /* main.m in Sources */ = {isa = PBXBuildFile; fileRef = 881775E51EC313E300AD6C71 /* main.m */; };
		881775E91EC313E300AD6C71 /* AppDelegate.m in Sources */ = {isa = PBXBuildFile; fileRef = 881775E81EC313E300AD6C71 /* AppDelegate.m */; };
		881775EF1EC313E300AD6C71 /* Main.storyboard in Resources */ = {isa = PBXBuildFile; fileRef = 881775ED1EC313E300AD6C71 /* Main.storyboard */; };
		881775F11EC313E300AD6C71 /* Assets.xcassets in Resources */ = {isa = PBXBuildFile; fileRef = 881775F01EC313E300AD6C71 /* Assets.xcassets */; };
		881775F41EC313E300AD6C71 /* LaunchScreen.storyboard in Resources */ = {isa = PBXBuildFile; fileRef = 881775F21EC313E300AD6C71 /* LaunchScreen.storyboard */; };
		881776071EC3146600AD6C71 /* MMDrawerBarButtonItem.m in Sources */ = {isa = PBXBuildFile; fileRef = 881775FD1EC3146600AD6C71 /* MMDrawerBarButtonItem.m */; };
		881776081EC3146600AD6C71 /* MMDrawerController.m in Sources */ = {isa = PBXBuildFile; fileRef = 881776001EC3146600AD6C71 /* MMDrawerController.m */; };
		881776091EC3146600AD6C71 /* MMDrawerVisualState.m in Sources */ = {isa = PBXBuildFile; fileRef = 881776021EC3146600AD6C71 /* MMDrawerVisualState.m */; };
		8817760A1EC3146600AD6C71 /* MMExampleDrawerVisualStateManager.m in Sources */ = {isa = PBXBuildFile; fileRef = 881776041EC3146600AD6C71 /* MMExampleDrawerVisualStateManager.m */; };
		8817760B1EC3146600AD6C71 /* UIViewController+MMDrawerController.m in Sources */ = {isa = PBXBuildFile; fileRef = 881776061EC3146600AD6C71 /* UIViewController+MMDrawerController.m */; };
		881776101EC3147000AD6C71 /* LeftController.m in Sources */ = {isa = PBXBuildFile; fileRef = 8817760D1EC3147000AD6C71 /* LeftController.m */; };
		881776111EC3147000AD6C71 /* PushController.m in Sources */ = {isa = PBXBuildFile; fileRef = 8817760F1EC3147000AD6C71 /* PushController.m */; };
		8817761A1EC3150600AD6C71 /* CenterController.m in Sources */ = {isa = PBXBuildFile; fileRef = 881776151EC3150600AD6C71 /* CenterController.m */; };
		8817761B1EC3150600AD6C71 /* FriendCell.m in Sources */ = {isa = PBXBuildFile; fileRef = 881776171EC3150600AD6C71 /* FriendCell.m */; };
		8817761C1EC3150600AD6C71 /* GroupModel.m in Sources */ = {isa = PBXBuildFile; fileRef = 881776191EC3150600AD6C71 /* GroupModel.m */; };
/* End PBXBuildFile section */

/* Begin PBXFileReference section */
		881775E11EC313E300AD6C71 /* QQMenu.app */ = {isa = PBXFileReference; explicitFileType = wrapper.application; includeInIndex = 0; path = QQMenu.app; sourceTree = BUILT_PRODUCTS_DIR; };
		881775E51EC313E300AD6C71 /* main.m */ = {isa = PBXFileReference; lastKnownFileType = sourcecode.c.objc; path = main.m; sourceTree = "<group>"; };
		881775E71EC313E300AD6C71 /* AppDelegate.h */ = {isa = PBXFileReference; lastKnownFileType = sourcecode.c.h; path = AppDelegate.h; sourceTree = "<group>"; };
		881775E81EC313E300AD6C71 /* AppDelegate.m */ = {isa = PBXFileReference; lastKnownFileType = sourcecode.c.objc; path = AppDelegate.m; sourceTree = "<group>"; };
		881775EE1EC313E300AD6C71 /* Base */ = {isa = PBXFileReference; lastKnownFileType = file.storyboard; name = Base; path = Base.lproj/Main.storyboard; sourceTree = "<group>"; };
		881775F01EC313E300AD6C71 /* Assets.xcassets */ = {isa = PBXFileReference; lastKnownFileType = folder.assetcatalog; path = Assets.xcassets; sourceTree = "<group>"; };
		881775F31EC313E300AD6C71 /* Base */ = {isa = PBXFileReference; lastKnownFileType = file.storyboard; name = Base; path = Base.lproj/LaunchScreen.storyboard; sourceTree = "<group>"; };
		881775F51EC313E300AD6C71 /* Info.plist */ = {isa = PBXFileReference; lastKnownFileType = text.plist.xml; path = Info.plist; sourceTree = "<group>"; };
		881775FC1EC3146600AD6C71 /* MMDrawerBarButtonItem.h */ = {isa = PBXFileReference; fileEncoding = 4; lastKnownFileType = sourcecode.c.h; path = MMDrawerBarButtonItem.h; sourceTree = "<group>"; };
		881775FD1EC3146600AD6C71 /* MMDrawerBarButtonItem.m */ = {isa = PBXFileReference; fileEncoding = 4; lastKnownFileType = sourcecode.c.objc; path = MMDrawerBarButtonItem.m; sourceTree = "<group>"; };
		881775FE1EC3146600AD6C71 /* MMDrawerController+Subclass.h */ = {isa = PBXFileReference; fileEncoding = 4; lastKnownFileType = sourcecode.c.h; path = "MMDrawerController+Subclass.h"; sourceTree = "<group>"; };
		881775FF1EC3146600AD6C71 /* MMDrawerController.h */ = {isa = PBXFileReference; fileEncoding = 4; lastKnownFileType = sourcecode.c.h; path = MMDrawerController.h; sourceTree = "<group>"; };
		881776001EC3146600AD6C71 /* MMDrawerController.m */ = {isa = PBXFileReference; fileEncoding = 4; lastKnownFileType = sourcecode.c.objc; path = MMDrawerController.m; sourceTree = "<group>"; };
		881776011EC3146600AD6C71 /* MMDrawerVisualState.h */ = {isa = PBXFileReference; fileEncoding = 4; lastKnownFileType = sourcecode.c.h; path = MMDrawerVisualState.h; sourceTree = "<group>"; };
		881776021EC3146600AD6C71 /* MMDrawerVisualState.m */ = {isa = PBXFileReference; fileEncoding = 4; lastKnownFileType = sourcecode.c.objc; path = MMDrawerVisualState.m; sourceTree = "<group>"; };
		881776031EC3146600AD6C71 /* MMExampleDrawerVisualStateManager.h */ = {isa = PBXFileReference; fileEncoding = 4; lastKnownFileType = sourcecode.c.h; path = MMExampleDrawerVisualStateManager.h; sourceTree = "<group>"; };
		881776041EC3146600AD6C71 /* MMExampleDrawerVisualStateManager.m */ = {isa = PBXFileReference; fileEncoding = 4; lastKnownFileType = sourcecode.c.objc; path = MMExampleDrawerVisualStateManager.m; sourceTree = "<group>"; };
		881776051EC3146600AD6C71 /* UIViewController+MMDrawerController.h */ = {isa = PBXFileReference; fileEncoding = 4; lastKnownFileType = sourcecode.c.h; path = "UIViewController+MMDrawerController.h"; sourceTree = "<group>"; };
		881776061EC3146600AD6C71 /* UIViewController+MMDrawerController.m */ = {isa = PBXFileReference; fileEncoding = 4; lastKnownFileType = sourcecode.c.objc; path = "UIViewController+MMDrawerController.m"; sourceTree = "<group>"; };
		8817760C1EC3147000AD6C71 /* LeftController.h */ = {isa = PBXFileReference; fileEncoding = 4; lastKnownFileType = sourcecode.c.h; path = LeftController.h; sourceTree = "<group>"; };
		8817760D1EC3147000AD6C71 /* LeftController.m */ = {isa = PBXFileReference; fileEncoding = 4; lastKnownFileType = sourcecode.c.objc; path = LeftController.m; sourceTree = "<group>"; };
		8817760E1EC3147000AD6C71 /* PushController.h */ = {isa = PBXFileReference; fileEncoding = 4; lastKnownFileType = sourcecode.c.h; path = PushController.h; sourceTree = "<group>"; };
		8817760F1EC3147000AD6C71 /* PushController.m */ = {isa = PBXFileReference; fileEncoding = 4; lastKnownFileType = sourcecode.c.objc; path = PushController.m; sourceTree = "<group>"; };
		881776121EC3147B00AD6C71 /* zws.pch */ = {isa = PBXFileReference; fileEncoding = 4; lastKnownFileType = sourcecode.c.h; path = zws.pch; sourceTree = "<group>"; };
		881776141EC3150600AD6C71 /* CenterController.h */ = {isa = PBXFileReference; fileEncoding = 4; lastKnownFileType = sourcecode.c.h; path = CenterController.h; sourceTree = "<group>"; };
		881776151EC3150600AD6C71 /* CenterController.m */ = {isa = PBXFileReference; fileEncoding = 4; lastKnownFileType = sourcecode.c.objc; path = CenterController.m; sourceTree = "<group>"; };
		881776161EC3150600AD6C71 /* FriendCell.h */ = {isa = PBXFileReference; fileEncoding = 4; lastKnownFileType = sourcecode.c.h; path = FriendCell.h; sourceTree = "<group>"; };
		881776171EC3150600AD6C71 /* FriendCell.m */ = {isa = PBXFileReference; fileEncoding = 4; lastKnownFileType = sourcecode.c.objc; path = FriendCell.m; sourceTree = "<group>"; };
		881776181EC3150600AD6C71 /* GroupModel.h */ = {isa = PBXFileReference; fileEncoding = 4; lastKnownFileType = sourcecode.c.h; path = GroupModel.h; sourceTree = "<group>"; };
		881776191EC3150600AD6C71 /* GroupModel.m */ = {isa = PBXFileReference; fileEncoding = 4; lastKnownFileType = sourcecode.c.objc; path = GroupModel.m; sourceTree = "<group>"; };
/* End PBXFileReference section */

/* Begin PBXFrameworksBuildPhase section */
		881775DE1EC313E300AD6C71 /* Frameworks */ = {
			isa = PBXFrameworksBuildPhase;
			buildActionMask = 2147483647;
			files = (
			);
			runOnlyForDeploymentPostprocessing = 0;
		};
/* End PBXFrameworksBuildPhase section */

/* Begin PBXGroup section */
		881775D81EC313E300AD6C71 = {
			isa = PBXGroup;
			children = (
				881775E31EC313E300AD6C71 /* QQMenu */,
				881775E21EC313E300AD6C71 /* Products */,
			);
			sourceTree = "<group>";
		};
		881775E21EC313E300AD6C71 /* Products */ = {
			isa = PBXGroup;
			children = (
				881775E11EC313E300AD6C71 /* QQMenu.app */,
			);
			name = Products;
			sourceTree = "<group>";
		};
		881775E31EC313E300AD6C71 /* QQMenu */ = {
			isa = PBXGroup;
			children = (
				881775FB1EC3146600AD6C71 /* MMDrawerController */,
				881775E71EC313E300AD6C71 /* AppDelegate.h */,
				881775E81EC313E300AD6C71 /* AppDelegate.m */,
				881776131EC3150600AD6C71 /* CenterCtrl */,
				8817760C1EC3147000AD6C71 /* LeftController.h */,
				8817760D1EC3147000AD6C71 /* LeftController.m */,
				8817760E1EC3147000AD6C71 /* PushController.h */,
				8817760F1EC3147000AD6C71 /* PushController.m */,
				881775ED1EC313E300AD6C71 /* Main.storyboard */,
				881775F01EC313E300AD6C71 /* Assets.xcassets */,
				881775F21EC313E300AD6C71 /* LaunchScreen.storyboard */,
				881775F51EC313E300AD6C71 /* Info.plist */,
				881776121EC3147B00AD6C71 /* zws.pch */,
				881775E41EC313E300AD6C71 /* Supporting Files */,
			);
			path = QQMenu;
			sourceTree = "<group>";
		};
		881775E41EC313E300AD6C71 /* Supporting Files */ = {
			isa = PBXGroup;
			children = (
				881775E51EC313E300AD6C71 /* main.m */,
			);
			name = "Supporting Files";
			sourceTree = "<group>";
		};
		881775FB1EC3146600AD6C71 /* MMDrawerController */ = {
			isa = PBXGroup;
			children = (
				881775FC1EC3146600AD6C71 /* MMDrawerBarButtonItem.h */,
				881775FD1EC3146600AD6C71 /* MMDrawerBarButtonItem.m */,
				881775FE1EC3146600AD6C71 /* MMDrawerController+Subclass.h */,
				881775FF1EC3146600AD6C71 /* MMDrawerController.h */,
				881776001EC3146600AD6C71 /* MMDrawerController.m */,
				881776011EC3146600AD6C71 /* MMDrawerVisualState.h */,
				881776021EC3146600AD6C71 /* MMDrawerVisualState.m */,
				881776031EC3146600AD6C71 /* MMExampleDrawerVisualStateManager.h */,
				881776041EC3146600AD6C71 /* MMExampleDrawerVisualStateManager.m */,
				881776051EC3146600AD6C71 /* UIViewController+MMDrawerController.h */,
				881776061EC3146600AD6C71 /* UIViewController+MMDrawerController.m */,
			);
			path = MMDrawerController;
			sourceTree = "<group>";
		};
		881776131EC3150600AD6C71 /* CenterCtrl */ = {
			isa = PBXGroup;
			children = (
				881776141EC3150600AD6C71 /* CenterController.h */,
				881776151EC3150600AD6C71 /* CenterController.m */,
				881776161EC3150600AD6C71 /* FriendCell.h */,
				881776171EC3150600AD6C71 /* FriendCell.m */,
				881776181EC3150600AD6C71 /* GroupModel.h */,
				881776191EC3150600AD6C71 /* GroupModel.m */,
			);
			path = CenterCtrl;
			sourceTree = "<group>";
		};
/* End PBXGroup section */

/* Begin PBXNativeTarget section */
		881775E01EC313E300AD6C71 /* QQMenu */ = {
			isa = PBXNativeTarget;
			buildConfigurationList = 881775F81EC313E300AD6C71 /* Build configuration list for PBXNativeTarget "QQMenu" */;
			buildPhases = (
				881775DD1EC313E300AD6C71 /* Sources */,
				881775DE1EC313E300AD6C71 /* Frameworks */,
				881775DF1EC313E300AD6C71 /* Resources */,
			);
			buildRules = (
			);
			dependencies = (
			);
			name = QQMenu;
			productName = QQMenu;
			productReference = 881775E11EC313E300AD6C71 /* QQMenu.app */;
			productType = "com.apple.product-type.application";
		};
/* End PBXNativeTarget section */

/* Begin PBXProject section */
		881775D91EC313E300AD6C71 /* Project object */ = {
			isa = PBXProject;
			attributes = {
				LastUpgradeCheck = 0730;
				ORGANIZATIONNAME = zws;
				TargetAttributes = {
					881775E01EC313E300AD6C71 = {
						CreatedOnToolsVersion = 7.3.1;
					};
				};
			};
			buildConfigurationList = 881775DC1EC313E300AD6C71 /* Build configuration list for PBXProject "QQMenu" */;
			compatibilityVersion = "Xcode 3.2";
			developmentRegion = English;
			hasScannedForEncodings = 0;
			knownRegions = (
				en,
				Base,
			);
			mainGroup = 881775D81EC313E300AD6C71;
			productRefGroup = 881775E21EC313E300AD6C71 /* Products */;
			projectDirPath = "";
			projectRoot = "";
			targets = (
				881775E01EC313E300AD6C71 /* QQMenu */,
			);
		};
/* End PBXProject section */

/* Begin PBXResourcesBuildPhase section */
		881775DF1EC313E300AD6C71 /* Resources */ = {
			isa = PBXResourcesBuildPhase;
			buildActionMask = 2147483647;
			files = (
				881775F41EC313E300AD6C71 /* LaunchScreen.storyboard in Resources */,
				881775F11EC313E300AD6C71 /* Assets.xcassets in Resources */,
				881775EF1EC313E300AD6C71 /* Main.storyboard in Resources */,
			);
			runOnlyForDeploymentPostprocessing = 0;
		};
/* End PBXResourcesBuildPhase section */

/* Begin PBXSourcesBuildPhase section */
		881775DD1EC313E300AD6C71 /* Sources */ = {
			isa = PBXSourcesBuildPhase;
			buildActionMask = 2147483647;
			files = (
				8817760A1EC3146600AD6C71 /* MMExampleDrawerVisualStateManager.m in Sources */,
				881776101EC3147000AD6C71 /* LeftController.m in Sources */,
				881776091EC3146600AD6C71 /* MMDrawerVisualState.m in Sources */,
				8817761B1EC3150600AD6C71 /* FriendCell.m in Sources */,
				8817760B1EC3146600AD6C71 /* UIViewController+MMDrawerController.m in Sources */,
				881776111EC3147000AD6C71 /* PushController.m in Sources */,
				8817761C1EC3150600AD6C71 /* GroupModel.m in Sources */,
				881776081EC3146600AD6C71 /* MMDrawerController.m in Sources */,
				881776071EC3146600AD6C71 /* MMDrawerBarButtonItem.m in Sources */,
				881775E91EC313E300AD6C71 /* AppDelegate.m in Sources */,
				8817761A1EC3150600AD6C71 /* CenterController.m in Sources */,
				881775E61EC313E300AD6C71 /* main.m in Sources */,
			);
			runOnlyForDeploymentPostprocessing = 0;
		};
/* End PBXSourcesBuildPhase section */

/* Begin PBXVariantGroup section */
		881775ED1EC313E300AD6C71 /* Main.storyboard */ = {
			isa = PBXVariantGroup;
			children = (
				881775EE1EC313E300AD6C71 /* Base */,
			);
			name = Main.storyboard;
			sourceTree = "<group>";
		};
		881775F21EC313E300AD6C71 /* LaunchScreen.storyboard */ = {
			isa = PBXVariantGroup;
			children = (
				881775F31EC313E300AD6C71 /* Base */,
			);
			name = LaunchScreen.storyboard;
			sourceTree = "<group>";
		};
/* End PBXVariantGroup section */

/* Begin XCBuildConfiguration section */
		881775F61EC313E300AD6C71 /* Debug */ = {
			isa = XCBuildConfiguration;
			buildSettings = {
				ALWAYS_SEARCH_USER_PATHS = NO;
				CLANG_ANALYZER_NONNULL = YES;
				CLANG_CXX_LANGUAGE_STANDARD = "gnu++0x";
				CLANG_CXX_LIBRARY = "libc++";
				CLANG_ENABLE_MODULES = YES;
				CLANG_ENABLE_OBJC_ARC = YES;
				CLANG_WARN_BOOL_CONVERSION = YES;
				CLANG_WARN_CONSTANT_CONVERSION = YES;
				CLANG_WARN_DIRECT_OBJC_ISA_USAGE = YES_ERROR;
				CLANG_WARN_EMPTY_BODY = YES;
				CLANG_WARN_ENUM_CONVERSION = YES;
				CLANG_WARN_INT_CONVERSION = YES;
				CLANG_WARN_OBJC_ROOT_CLASS = YES_ERROR;
				CLANG_WARN_UNREACHABLE_CODE = YES;
				CLANG_WARN__DUPLICATE_METHOD_MATCH = YES;
				"CODE_SIGN_IDENTITY[sdk=iphoneos*]" = "iPhone Developer";
				COPY_PHASE_STRIP = NO;
				DEBUG_INFORMATION_FORMAT = dwarf;
				ENABLE_STRICT_OBJC_MSGSEND = YES;
				ENABLE_TESTABILITY = YES;
				GCC_C_LANGUAGE_STANDARD = gnu99;
				GCC_DYNAMIC_NO_PIC = NO;
				GCC_NO_COMMON_BLOCKS = YES;
				GCC_OPTIMIZATION_LEVEL = 0;
				GCC_PREPROCESSOR_DEFINITIONS = (
					"DEBUG=1",
					"$(inherited)",
				);
				GCC_WARN_64_TO_32_BIT_CONVERSION = YES;
				GCC_WARN_ABOUT_RETURN_TYPE = YES_ERROR;
				GCC_WARN_UNDECLARED_SELECTOR = YES;
				GCC_WARN_UNINITIALIZED_AUTOS = YES_AGGRESSIVE;
				GCC_WARN_UNUSED_FUNCTION = YES;
				GCC_WARN_UNUSED_VARIABLE = YES;
				IPHONEOS_DEPLOYMENT_TARGET = 9.3;
				MTL_ENABLE_DEBUG_INFO = YES;
				ONLY_ACTIVE_ARCH = YES;
				SDKROOT = iphoneos;
			};
			name = Debug;
		};
		881775F71EC313E300AD6C71 /* Release */ = {
			isa = XCBuildConfiguration;
			buildSettings = {
				ALWAYS_SEARCH_USER_PATHS = NO;
				CLANG_ANALYZER_NONNULL = YES;
				CLANG_CXX_LANGUAGE_STANDARD = "gnu++0x";
				CLANG_CXX_LIBRARY = "libc++";
				CLANG_ENABLE_MODULES = YES;
				CLANG_ENABLE_OBJC_ARC = YES;
				CLANG_WARN_BOOL_CONVERSION = YES;
				CLANG_WARN_CONSTANT_CONVERSION = YES;
				CLANG_WARN_DIRECT_OBJC_ISA_USAGE = YES_ERROR;
				CLANG_WARN_EMPTY_BODY = YES;
				CLANG_WARN_ENUM_CONVERSION = YES;
				CLANG_WARN_INT_CONVERSION = YES;
				CLANG_WARN_OBJC_ROOT_CLASS = YES_ERROR;
				CLANG_WARN_UNREACHABLE_CODE = YES;
				CLANG_WARN__DUPLICATE_METHOD_MATCH = YES;
				"CODE_SIGN_IDENTITY[sdk=iphoneos*]" = "iPhone Developer";
				COPY_PHASE_STRIP = NO;
				DEBUG_INFORMATION_FORMAT = "dwarf-with-dsym";
				ENABLE_NS_ASSERTIONS = NO;
				ENABLE_STRICT_OBJC_MSGSEND = YES;
				GCC_C_LANGUAGE_STANDARD = gnu99;
				GCC_NO_COMMON_BLOCKS = YES;
				GCC_WARN_64_TO_32_BIT_CONVERSION = YES;
				GCC_WARN_ABOUT_RETURN_TYPE = YES_ERROR;
				GCC_WARN_UNDECLARED_SELECTOR = YES;
				GCC_WARN_UNINITIALIZED_AUTOS = YES_AGGRESSIVE;
				GCC_WARN_UNUSED_FUNCTION = YES;
				GCC_WARN_UNUSED_VARIABLE = YES;
				IPHONEOS_DEPLOYMENT_TARGET = 9.3;
				MTL_ENABLE_DEBUG_INFO = NO;
				SDKROOT = iphoneos;
				VALIDATE_PRODUCT = YES;
			};
			name = Release;
		};
		881775F91EC313E300AD6C71 /* Debug */ = {
			isa = XCBuildConfiguration;
			buildSettings = {
				ASSETCATALOG_COMPILER_APPICON_NAME = AppIcon;
				GCC_PREFIX_HEADER = ./QQMenu/zws.pch;
				INFOPLIST_FILE = QQMenu/Info.plist;
				IPHONEOS_DEPLOYMENT_TARGET = 8.0;
				LD_RUNPATH_SEARCH_PATHS = "$(inherited) @executable_path/Frameworks";
				PRODUCT_BUNDLE_IDENTIFIER = com.sinfotek.QQMenu;
				PRODUCT_NAME = "$(TARGET_NAME)";
			};
			name = Debug;
		};
		881775FA1EC313E300AD6C71 /* Release */ = {
			isa = XCBuildConfiguration;
			buildSettings = {
				ASSETCATALOG_COMPILER_APPICON_NAME = AppIcon;
				GCC_PREFIX_HEADER = ./QQMenu/zws.pch;
				INFOPLIST_FILE = QQMenu/Info.plist;
				IPHONEOS_DEPLOYMENT_TARGET = 8.0;
				LD_RUNPATH_SEARCH_PATHS = "$(inherited) @executable_path/Frameworks";
				PRODUCT_BUNDLE_IDENTIFIER = com.sinfotek.QQMenu;
				PRODUCT_NAME = "$(TARGET_NAME)";
			};
			name = Release;
		};
/* End XCBuildConfiguration section */

/* Begin XCConfigurationList section */
		881775DC1EC313E300AD6C71 /* Build configuration list for PBXProject "QQMenu" */ = {
			isa = XCConfigurationList;
			buildConfigurations = (
				881775F61EC313E300AD6C71 /* Debug */,
				881775F71EC313E300AD6C71 /* Release */,
			);
			defaultConfigurationIsVisible = 0;
			defaultConfigurationName = Release;
		};
		881775F81EC313E300AD6C71 /* Build configuration list for PBXNativeTarget "QQMenu" */ = {
			isa = XCConfigurationList;
			buildConfigurations = (
				881775F91EC313E300AD6C71 /* Debug */,
				881775FA1EC313E300AD6C71 /* Release */,
			);
			defaultConfigurationIsVisible = 0;
		};
/* End XCConfigurationList section */
	};
	rootObject = 881775D91EC313E300AD6C71 /* Project object */;
}
